
Microsoft Visual Studio Solution File, Format Version 12.00
# Visual Studio Version 17
VisualStudioVersion = 17.12.35527.113 d17.12
MinimumVisualStudioVersion = 10.0.40219.1
Project("{FAE04EC0-301F-11D3-BF4B-00C04F79EFBC}") = "WinFormsApp1", "WinFormsApp1.csproj", "{604652AB-8D62-4915-B448-C427F262066C}"
EndProject
Global
	GlobalSection(SolutionConfigurationPlatforms) = preSolution
		Debug|Any CPU = Debug|Any CPU
		Release|Any CPU = Release|Any CPU
	EndGlobalSection
	GlobalSection(ProjectConfigurationPlatforms) = postSolution
		{604652AB-8D62-4915-B448-C427F262066C}.Debug|Any CPU.ActiveCfg = Debug|Any CPU
		{604652AB-8D62-4915-B448-C427F262066C}.Debug|Any CPU.Build.0 = Debug|Any CPU
		{604652AB-8D62-4915-B448-C427F262066C}.Release|Any CPU.ActiveCfg = Release|Any CPU
		{604652AB-8D62-4915-B448-C427F262066C}.Release|Any CPU.Build.0 = Release|Any CPU
	EndGlobalSection
	GlobalSection(SolutionProperties) = preSolution
		HideSolutionNode = FALSE
	EndGlobalSection
EndGlobal
