
Microsoft Visual Studio Solution File, Format Version 12.00
# Visual Studio Version 17
VisualStudioVersion = 17.12.35527.113 d17.12
MinimumVisualStudioVersion = 10.0.40219.1
Project("{FAE04EC0-301F-11D3-BF4B-00C04F79EFBC}") = "Enkapsulacja", "Enkapsulacja.csproj", "{11D78822-33C3-428C-8BD7-177CEA4DB22C}"
EndProject
Global
	GlobalSection(SolutionConfigurationPlatforms) = preSolution
		Debug|Any CPU = Debug|Any CPU
		Release|Any CPU = Release|Any CPU
	EndGlobalSection
	GlobalSection(ProjectConfigurationPlatforms) = postSolution
		{11D78822-33C3-428C-8BD7-177CEA4DB22C}.Debug|Any CPU.ActiveCfg = Debug|Any CPU
		{11D78822-33C3-428C-8BD7-177CEA4DB22C}.Debug|Any CPU.Build.0 = Debug|Any CPU
		{11D78822-33C3-428C-8BD7-177CEA4DB22C}.Release|Any CPU.ActiveCfg = Release|Any CPU
		{11D78822-33C3-428C-8BD7-177CEA4DB22C}.Release|Any CPU.Build.0 = Release|Any CPU
	EndGlobalSection
	GlobalSection(SolutionProperties) = preSolution
		HideSolutionNode = FALSE
	EndGlobalSection
EndGlobal
